
Microsoft Visual Studio Solution File, Format Version 12.00
# Visual Studio Version 17
VisualStudioVersion = 17.0.31903.59
MinimumVisualStudioVersion = 10.0.40219.1
Project("{FAE04EC0-301F-11D3-BF4B-00C04F79EFBC}") = "MutationTesting.Domain", "MutationTesting.Domain\MutationTesting.Domain.csproj", "{EEA57CCC-E658-4688-83AF-13A49CEB8F6C}"
EndProject
Project("{FAE04EC0-301F-11D3-BF4B-00C04F79EFBC}") = "MutationTesting.Tests", "MutationTesting.Tests\MutationTesting.Tests.csproj", "{CA7B4DC4-7F1D-4556-A993-BD9748004740}"
EndProject
Global
	GlobalSection(SolutionConfigurationPlatforms) = preSolution
		Debug|Any CPU = Debug|Any CPU
		Release|Any CPU = Release|Any CPU
	EndGlobalSection
	GlobalSection(SolutionProperties) = preSolution
		HideSolutionNode = FALSE
	EndGlobalSection
	GlobalSection(ProjectConfigurationPlatforms) = postSolution
		{EEA57CCC-E658-4688-83AF-13A49CEB8F6C}.Debug|Any CPU.ActiveCfg = Debug|Any CPU
		{EEA57CCC-E658-4688-83AF-13A49CEB8F6C}.Debug|Any CPU.Build.0 = Debug|Any CPU
		{EEA57CCC-E658-4688-83AF-13A49CEB8F6C}.Release|Any CPU.ActiveCfg = Release|Any CPU
		{EEA57CCC-E658-4688-83AF-13A49CEB8F6C}.Release|Any CPU.Build.0 = Release|Any CPU
		{CA7B4DC4-7F1D-4556-A993-BD9748004740}.Debug|Any CPU.ActiveCfg = Debug|Any CPU
		{CA7B4DC4-7F1D-4556-A993-BD9748004740}.Debug|Any CPU.Build.0 = Debug|Any CPU
		{CA7B4DC4-7F1D-4556-A993-BD9748004740}.Release|Any CPU.ActiveCfg = Release|Any CPU
		{CA7B4DC4-7F1D-4556-A993-BD9748004740}.Release|Any CPU.Build.0 = Release|Any CPU
	EndGlobalSection
EndGlobal
